// !$*UTF8*$!
{
	archiveVersion = 1;
	classes = {
	};
	objectVersion = 46;
	objects = {

/* Begin PBXBuildFile section */
		527053AD1DA69E7900F5DAB5 /* AppDelegate.swift in Sources */ = {isa = PBXBuildFile; fileRef = 527053AC1DA69E7900F5DAB5 /* AppDelegate.swift */; };
		527053AF1DA69E7900F5DAB5 /* Crayon View Controller.swift in Sources */ = {isa = PBXBuildFile; fileRef = 527053AE1DA69E7900F5DAB5 /* Crayon View Controller.swift */; };
		527053B21DA69E7900F5DAB5 /* Main.storyboard in Resources */ = {isa = PBXBuildFile; fileRef = 527053B01DA69E7900F5DAB5 /* Main.storyboard */; };
		527053B41DA69E7900F5DAB5 /* Assets.xcassets in Resources */ = {isa = PBXBuildFile; fileRef = 527053B31DA69E7900F5DAB5 /* Assets.xcassets */; };
		527053B71DA69E7900F5DAB5 /* LaunchScreen.storyboard in Resources */ = {isa = PBXBuildFile; fileRef = 527053B51DA69E7900F5DAB5 /* LaunchScreen.storyboard */; };
		527053BF1DA6A0DE00F5DAB5 /* Color Table View Controller Scene.swift in Sources */ = {isa = PBXBuildFile; fileRef = 527053BE1DA6A0DE00F5DAB5 /* Color Table View Controller Scene.swift */; };
		527053C11DA6A13500F5DAB5 /* Tab Bar Controller Scene.swift in Sources */ = {isa = PBXBuildFile; fileRef = 527053C01DA6A13500F5DAB5 /* Tab Bar Controller Scene.swift */; };
		527053C31DA6A1F000F5DAB5 /* CrayonData.swift in Sources */ = {isa = PBXBuildFile; fileRef = 527053C21DA6A1F000F5DAB5 /* CrayonData.swift */; };
		527053C51DA6A21C00F5DAB5 /* Crayon.swift in Sources */ = {isa = PBXBuildFile; fileRef = 527053C41DA6A21C00F5DAB5 /* Crayon.swift */; };
/* End PBXBuildFile section */

/* Begin PBXFileReference section */
		527053A91DA69E7900F5DAB5 /* AC3.2Unit2FinalAssessment.app */ = {isa = PBXFileReference; explicitFileType = wrapper.application; includeInIndex = 0; path = AC3.2Unit2FinalAssessment.app; sourceTree = BUILT_PRODUCTS_DIR; };
		527053AC1DA69E7900F5DAB5 /* AppDelegate.swift */ = {isa = PBXFileReference; lastKnownFileType = sourcecode.swift; path = AppDelegate.swift; sourceTree = "<group>"; };
		527053AE1DA69E7900F5DAB5 /* Crayon View Controller.swift */ = {isa = PBXFileReference; lastKnownFileType = sourcecode.swift; path = "Crayon View Controller.swift"; sourceTree = "<group>"; };
		527053B11DA69E7900F5DAB5 /* Base */ = {isa = PBXFileReference; lastKnownFileType = file.storyboard; name = Base; path = Base.lproj/Main.storyboard; sourceTree = "<group>"; };
		527053B31DA69E7900F5DAB5 /* Assets.xcassets */ = {isa = PBXFileReference; lastKnownFileType = folder.assetcatalog; path = Assets.xcassets; sourceTree = "<group>"; };
		527053B61DA69E7900F5DAB5 /* Base */ = {isa = PBXFileReference; lastKnownFileType = file.storyboard; name = Base; path = Base.lproj/LaunchScreen.storyboard; sourceTree = "<group>"; };
		527053B81DA69E7900F5DAB5 /* Info.plist */ = {isa = PBXFileReference; lastKnownFileType = text.plist.xml; path = Info.plist; sourceTree = "<group>"; };
		527053BE1DA6A0DE00F5DAB5 /* Color Table View Controller Scene.swift */ = {isa = PBXFileReference; fileEncoding = 4; lastKnownFileType = sourcecode.swift; path = "Color Table View Controller Scene.swift"; sourceTree = "<group>"; };
		527053C01DA6A13500F5DAB5 /* Tab Bar Controller Scene.swift */ = {isa = PBXFileReference; fileEncoding = 4; lastKnownFileType = sourcecode.swift; path = "Tab Bar Controller Scene.swift"; sourceTree = "<group>"; };
		527053C21DA6A1F000F5DAB5 /* CrayonData.swift */ = {isa = PBXFileReference; fileEncoding = 4; lastKnownFileType = sourcecode.swift; path = CrayonData.swift; sourceTree = "<group>"; };
		527053C41DA6A21C00F5DAB5 /* Crayon.swift */ = {isa = PBXFileReference; fileEncoding = 4; lastKnownFileType = sourcecode.swift; path = Crayon.swift; sourceTree = "<group>"; };
/* End PBXFileReference section */

/* Begin PBXFrameworksBuildPhase section */
		527053A61DA69E7900F5DAB5 /* Frameworks */ = {
			isa = PBXFrameworksBuildPhase;
			buildActionMask = 2147483647;
			files = (
			);
			runOnlyForDeploymentPostprocessing = 0;
		};
/* End PBXFrameworksBuildPhase section */

/* Begin PBXGroup section */
		527053A01DA69E7900F5DAB5 = {
			isa = PBXGroup;
			children = (
				527053AB1DA69E7900F5DAB5 /* AC3.2Unit2FinalAssessment */,
				527053AA1DA69E7900F5DAB5 /* Products */,
			);
			sourceTree = "<group>";
		};
		527053AA1DA69E7900F5DAB5 /* Products */ = {
			isa = PBXGroup;
			children = (
				527053A91DA69E7900F5DAB5 /* AC3.2Unit2FinalAssessment.app */,
			);
			name = Products;
			sourceTree = "<group>";
		};
		527053AB1DA69E7900F5DAB5 /* AC3.2Unit2FinalAssessment */ = {
			isa = PBXGroup;
			children = (
				527053AC1DA69E7900F5DAB5 /* AppDelegate.swift */,
				527053AE1DA69E7900F5DAB5 /* Crayon View Controller.swift */,
				527053BE1DA6A0DE00F5DAB5 /* Color Table View Controller Scene.swift */,
				527053C01DA6A13500F5DAB5 /* Tab Bar Controller Scene.swift */,
				527053B01DA69E7900F5DAB5 /* Main.storyboard */,
				527053B31DA69E7900F5DAB5 /* Assets.xcassets */,
				527053B51DA69E7900F5DAB5 /* LaunchScreen.storyboard */,
				527053B81DA69E7900F5DAB5 /* Info.plist */,
				527053C21DA6A1F000F5DAB5 /* CrayonData.swift */,
				527053C41DA6A21C00F5DAB5 /* Crayon.swift */,
			);
			path = AC3.2Unit2FinalAssessment;
			sourceTree = "<group>";
		};
/* End PBXGroup section */

/* Begin PBXNativeTarget section */
		527053A81DA69E7900F5DAB5 /* AC3.2Unit2FinalAssessment */ = {
			isa = PBXNativeTarget;
			buildConfigurationList = 527053BB1DA69E7900F5DAB5 /* Build configuration list for PBXNativeTarget "AC3.2Unit2FinalAssessment" */;
			buildPhases = (
				527053A51DA69E7900F5DAB5 /* Sources */,
				527053A61DA69E7900F5DAB5 /* Frameworks */,
				527053A71DA69E7900F5DAB5 /* Resources */,
			);
			buildRules = (
			);
			dependencies = (
			);
			name = AC3.2Unit2FinalAssessment;
			productName = AC3.2Unit2FinalAssessment;
			productReference = 527053A91DA69E7900F5DAB5 /* AC3.2Unit2FinalAssessment.app */;
			productType = "com.apple.product-type.application";
		};
/* End PBXNativeTarget section */

/* Begin PBXProject section */
		527053A11DA69E7900F5DAB5 /* Project object */ = {
			isa = PBXProject;
			attributes = {
				LastSwiftUpdateCheck = 0800;
				LastUpgradeCheck = 0800;
				ORGANIZATIONNAME = "Miti Shah";
				TargetAttributes = {
					527053A81DA69E7900F5DAB5 = {
						CreatedOnToolsVersion = 8.0;
						ProvisioningStyle = Automatic;
					};
				};
			};
			buildConfigurationList = 527053A41DA69E7900F5DAB5 /* Build configuration list for PBXProject "AC3.2Unit2FinalAssessment" */;
			compatibilityVersion = "Xcode 3.2";
			developmentRegion = English;
			hasScannedForEncodings = 0;
			knownRegions = (
				en,
				Base,
			);
			mainGroup = 527053A01DA69E7900F5DAB5;
			productRefGroup = 527053AA1DA69E7900F5DAB5 /* Products */;
			projectDirPath = "";
			projectRoot = "";
			targets = (
				527053A81DA69E7900F5DAB5 /* AC3.2Unit2FinalAssessment */,
			);
		};
/* End PBXProject section */

/* Begin PBXResourcesBuildPhase section */
		527053A71DA69E7900F5DAB5 /* Resources */ = {
			isa = PBXResourcesBuildPhase;
			buildActionMask = 2147483647;
			files = (
				527053B71DA69E7900F5DAB5 /* LaunchScreen.storyboard in Resources */,
				527053B41DA69E7900F5DAB5 /* Assets.xcassets in Resources */,
				527053B21DA69E7900F5DAB5 /* Main.storyboard in Resources */,
			);
			runOnlyForDeploymentPostprocessing = 0;
		};
/* End PBXResourcesBuildPhase section */

/* Begin PBXSourcesBuildPhase section */
		527053A51DA69E7900F5DAB5 /* Sources */ = {
			isa = PBXSourcesBuildPhase;
			buildActionMask = 2147483647;
			files = (
				527053BF1DA6A0DE00F5DAB5 /* Color Table View Controller Scene.swift in Sources */,
				527053AF1DA69E7900F5DAB5 /* Crayon View Controller.swift in Sources */,
				527053AD1DA69E7900F5DAB5 /* AppDelegate.swift in Sources */,
				527053C51DA6A21C00F5DAB5 /* Crayon.swift in Sources */,
				527053C31DA6A1F000F5DAB5 /* CrayonData.swift in Sources */,
				527053C11DA6A13500F5DAB5 /* Tab Bar Controller Scene.swift in Sources */,
			);
			runOnlyForDeploymentPostprocessing = 0;
		};
/* End PBXSourcesBuildPhase section */

/* Begin PBXVariantGroup section */
		527053B01DA69E7900F5DAB5 /* Main.storyboard */ = {
			isa = PBXVariantGroup;
			children = (
				527053B11DA69E7900F5DAB5 /* Base */,
			);
			name = Main.storyboard;
			sourceTree = "<group>";
		};
		527053B51DA69E7900F5DAB5 /* LaunchScreen.storyboard */ = {
			isa = PBXVariantGroup;
			children = (
				527053B61DA69E7900F5DAB5 /* Base */,
			);
			name = LaunchScreen.storyboard;
			sourceTree = "<group>";
		};
/* End PBXVariantGroup section */

/* Begin XCBuildConfiguration section */
		527053B91DA69E7900F5DAB5 /* Debug */ = {
			isa = XCBuildConfiguration;
			buildSettings = {
				ALWAYS_SEARCH_USER_PATHS = NO;
				CLANG_ANALYZER_NONNULL = YES;
				CLANG_CXX_LANGUAGE_STANDARD = "gnu++0x";
				CLANG_CXX_LIBRARY = "libc++";
				CLANG_ENABLE_MODULES = YES;
				CLANG_ENABLE_OBJC_ARC = YES;
				CLANG_WARN_BOOL_CONVERSION = YES;
				CLANG_WARN_CONSTANT_CONVERSION = YES;
				CLANG_WARN_DIRECT_OBJC_ISA_USAGE = YES_ERROR;
				CLANG_WARN_DOCUMENTATION_COMMENTS = YES;
				CLANG_WARN_EMPTY_BODY = YES;
				CLANG_WARN_ENUM_CONVERSION = YES;
				CLANG_WARN_INFINITE_RECURSION = YES;
				CLANG_WARN_INT_CONVERSION = YES;
				CLANG_WARN_OBJC_ROOT_CLASS = YES_ERROR;
				CLANG_WARN_SUSPICIOUS_MOVES = YES;
				CLANG_WARN_UNREACHABLE_CODE = YES;
				CLANG_WARN__DUPLICATE_METHOD_MATCH = YES;
				"CODE_SIGN_IDENTITY[sdk=iphoneos*]" = "iPhone Developer";
				COPY_PHASE_STRIP = NO;
				DEBUG_INFORMATION_FORMAT = dwarf;
				ENABLE_STRICT_OBJC_MSGSEND = YES;
				ENABLE_TESTABILITY = YES;
				GCC_C_LANGUAGE_STANDARD = gnu99;
				GCC_DYNAMIC_NO_PIC = NO;
				GCC_NO_COMMON_BLOCKS = YES;
				GCC_OPTIMIZATION_LEVEL = 0;
				GCC_PREPROCESSOR_DEFINITIONS = (
					"DEBUG=1",
					"$(inherited)",
				);
				GCC_WARN_64_TO_32_BIT_CONVERSION = YES;
				GCC_WARN_ABOUT_RETURN_TYPE = YES_ERROR;
				GCC_WARN_UNDECLARED_SELECTOR = YES;
				GCC_WARN_UNINITIALIZED_AUTOS = YES_AGGRESSIVE;
				GCC_WARN_UNUSED_FUNCTION = YES;
				GCC_WARN_UNUSED_VARIABLE = YES;
				IPHONEOS_DEPLOYMENT_TARGET = 10.0;
				MTL_ENABLE_DEBUG_INFO = YES;
				ONLY_ACTIVE_ARCH = YES;
				SDKROOT = iphoneos;
				SWIFT_ACTIVE_COMPILATION_CONDITIONS = DEBUG;
				SWIFT_OPTIMIZATION_LEVEL = "-Onone";
				TARGETED_DEVICE_FAMILY = "1,2";
			};
			name = Debug;
		};
		527053BA1DA69E7900F5DAB5 /* Release */ = {
			isa = XCBuildConfiguration;
			buildSettings = {
				ALWAYS_SEARCH_USER_PATHS = NO;
				CLANG_ANALYZER_NONNULL = YES;
				CLANG_CXX_LANGUAGE_STANDARD = "gnu++0x";
				CLANG_CXX_LIBRARY = "libc++";
				CLANG_ENABLE_MODULES = YES;
				CLANG_ENABLE_OBJC_ARC = YES;
				CLANG_WARN_BOOL_CONVERSION = YES;
				CLANG_WARN_CONSTANT_CONVERSION = YES;
				CLANG_WARN_DIRECT_OBJC_ISA_USAGE = YES_ERROR;
				CLANG_WARN_DOCUMENTATION_COMMENTS = YES;
				CLANG_WARN_EMPTY_BODY = YES;
				CLANG_WARN_ENUM_CONVERSION = YES;
				CLANG_WARN_INFINITE_RECURSION = YES;
				CLANG_WARN_INT_CONVERSION = YES;
				CLANG_WARN_OBJC_ROOT_CLASS = YES_ERROR;
				CLANG_WARN_SUSPICIOUS_MOVES = YES;
				CLANG_WARN_UNREACHABLE_CODE = YES;
				CLANG_WARN__DUPLICATE_METHOD_MATCH = YES;
				"CODE_SIGN_IDENTITY[sdk=iphoneos*]" = "iPhone Developer";
				COPY_PHASE_STRIP = NO;
				DEBUG_INFORMATION_FORMAT = "dwarf-with-dsym";
				ENABLE_NS_ASSERTIONS = NO;
				ENABLE_STRICT_OBJC_MSGSEND = YES;
				GCC_C_LANGUAGE_STANDARD = gnu99;
				GCC_NO_COMMON_BLOCKS = YES;
				GCC_WARN_64_TO_32_BIT_CONVERSION = YES;
				GCC_WARN_ABOUT_RETURN_TYPE = YES_ERROR;
				GCC_WARN_UNDECLARED_SELECTOR = YES;
				GCC_WARN_UNINITIALIZED_AUTOS = YES_AGGRESSIVE;
				GCC_WARN_UNUSED_FUNCTION = YES;
				GCC_WARN_UNUSED_VARIABLE = YES;
				IPHONEOS_DEPLOYMENT_TARGET = 10.0;
				MTL_ENABLE_DEBUG_INFO = NO;
				SDKROOT = iphoneos;
				SWIFT_OPTIMIZATION_LEVEL = "-Owholemodule";
				TARGETED_DEVICE_FAMILY = "1,2";
				VALIDATE_PRODUCT = YES;
			};
			name = Release;
		};
		527053BC1DA69E7900F5DAB5 /* Debug */ = {
			isa = XCBuildConfiguration;
			buildSettings = {
				ASSETCATALOG_COMPILER_APPICON_NAME = AppIcon;
				INFOPLIST_FILE = AC3.2Unit2FinalAssessment/Info.plist;
				LD_RUNPATH_SEARCH_PATHS = "$(inherited) @executable_path/Frameworks";
				PRODUCT_BUNDLE_IDENTIFIER = "nyc.c4q.Mitishah.AC3-2Unit2FinalAssessment";
				PRODUCT_NAME = "$(TARGET_NAME)";
				SWIFT_VERSION = 3.0;
			};
			name = Debug;
		};
		527053BD1DA69E7900F5DAB5 /* Release */ = {
			isa = XCBuildConfiguration;
			buildSettings = {
				ASSETCATALOG_COMPILER_APPICON_NAME = AppIcon;
				INFOPLIST_FILE = AC3.2Unit2FinalAssessment/Info.plist;
				LD_RUNPATH_SEARCH_PATHS = "$(inherited) @executable_path/Frameworks";
				PRODUCT_BUNDLE_IDENTIFIER = "nyc.c4q.Mitishah.AC3-2Unit2FinalAssessment";
				PRODUCT_NAME = "$(TARGET_NAME)";
				SWIFT_VERSION = 3.0;
			};
			name = Release;
		};
/* End XCBuildConfiguration section */

/* Begin XCConfigurationList section */
		527053A41DA69E7900F5DAB5 /* Build configuration list for PBXProject "AC3.2Unit2FinalAssessment" */ = {
			isa = XCConfigurationList;
			buildConfigurations = (
				527053B91DA69E7900F5DAB5 /* Debug */,
				527053BA1DA69E7900F5DAB5 /* Release */,
			);
			defaultConfigurationIsVisible = 0;
			defaultConfigurationName = Release;
		};
		527053BB1DA69E7900F5DAB5 /* Build configuration list for PBXNativeTarget "AC3.2Unit2FinalAssessment" */ = {
			isa = XCConfigurationList;
			buildConfigurations = (
				527053BC1DA69E7900F5DAB5 /* Debug */,
				527053BD1DA69E7900F5DAB5 /* Release */,
			);
			defaultConfigurationIsVisible = 0;
		};
/* End XCConfigurationList section */
	};
	rootObject = 527053A11DA69E7900F5DAB5 /* Project object */;
}
