// !$*UTF8*$!
{
	archiveVersion = 1;
	classes = {
	};
	objectVersion = 46;
	objects = {

/* Begin PBXBuildFile section */
		2DF9038D1DA69DAD00B31C8E /* AppDelegate.swift in Sources */ = {isa = PBXBuildFile; fileRef = 2DF9038C1DA69DAD00B31C8E /* AppDelegate.swift */; };
		2DF9038F1DA69DAD00B31C8E /* ViewController.swift in Sources */ = {isa = PBXBuildFile; fileRef = 2DF9038E1DA69DAD00B31C8E /* ViewController.swift */; };
		2DF903921DA69DAD00B31C8E /* Main.storyboard in Resources */ = {isa = PBXBuildFile; fileRef = 2DF903901DA69DAD00B31C8E /* Main.storyboard */; };
		2DF903941DA69DAD00B31C8E /* Assets.xcassets in Resources */ = {isa = PBXBuildFile; fileRef = 2DF903931DA69DAD00B31C8E /* Assets.xcassets */; };
		2DF903971DA69DAD00B31C8E /* LaunchScreen.storyboard in Resources */ = {isa = PBXBuildFile; fileRef = 2DF903951DA69DAD00B31C8E /* LaunchScreen.storyboard */; };
		2DF9039F1DA6A3AB00B31C8E /* ColorTableViewController.swift in Sources */ = {isa = PBXBuildFile; fileRef = 2DF9039E1DA6A3AB00B31C8E /* ColorTableViewController.swift */; };
		2DF903A11DA6A90000B31C8E /* OtherViewController.swift in Sources */ = {isa = PBXBuildFile; fileRef = 2DF903A01DA6A90000B31C8E /* OtherViewController.swift */; };
		2DF903A31DA6A95C00B31C8E /* CrayonData.swift in Sources */ = {isa = PBXBuildFile; fileRef = 2DF903A21DA6A95C00B31C8E /* CrayonData.swift */; };
		2DF903A61DA6A9E500B31C8E /* Crayon.swift in Sources */ = {isa = PBXBuildFile; fileRef = 2DF903A51DA6A9E500B31C8E /* Crayon.swift */; };
		2DF903A81DA6B35300B31C8E /* CrayonViewController.swift in Sources */ = {isa = PBXBuildFile; fileRef = 2DF903A71DA6B35300B31C8E /* CrayonViewController.swift */; };
/* End PBXBuildFile section */

/* Begin PBXFileReference section */
		2DF903891DA69DAD00B31C8E /* FinalUnit2Ruki.app */ = {isa = PBXFileReference; explicitFileType = wrapper.application; includeInIndex = 0; path = FinalUnit2Ruki.app; sourceTree = BUILT_PRODUCTS_DIR; };
		2DF9038C1DA69DAD00B31C8E /* AppDelegate.swift */ = {isa = PBXFileReference; lastKnownFileType = sourcecode.swift; path = AppDelegate.swift; sourceTree = "<group>"; };
		2DF9038E1DA69DAD00B31C8E /* ViewController.swift */ = {isa = PBXFileReference; lastKnownFileType = sourcecode.swift; path = ViewController.swift; sourceTree = "<group>"; };
		2DF903911DA69DAD00B31C8E /* Base */ = {isa = PBXFileReference; lastKnownFileType = file.storyboard; name = Base; path = Base.lproj/Main.storyboard; sourceTree = "<group>"; };
		2DF903931DA69DAD00B31C8E /* Assets.xcassets */ = {isa = PBXFileReference; lastKnownFileType = folder.assetcatalog; path = Assets.xcassets; sourceTree = "<group>"; };
		2DF903961DA69DAD00B31C8E /* Base */ = {isa = PBXFileReference; lastKnownFileType = file.storyboard; name = Base; path = Base.lproj/LaunchScreen.storyboard; sourceTree = "<group>"; };
		2DF903981DA69DAD00B31C8E /* Info.plist */ = {isa = PBXFileReference; lastKnownFileType = text.plist.xml; path = Info.plist; sourceTree = "<group>"; };
		2DF9039E1DA6A3AB00B31C8E /* ColorTableViewController.swift */ = {isa = PBXFileReference; fileEncoding = 4; lastKnownFileType = sourcecode.swift; path = ColorTableViewController.swift; sourceTree = "<group>"; };
		2DF903A01DA6A90000B31C8E /* OtherViewController.swift */ = {isa = PBXFileReference; fileEncoding = 4; lastKnownFileType = sourcecode.swift; path = OtherViewController.swift; sourceTree = "<group>"; };
		2DF903A21DA6A95C00B31C8E /* CrayonData.swift */ = {isa = PBXFileReference; fileEncoding = 4; lastKnownFileType = sourcecode.swift; path = CrayonData.swift; sourceTree = "<group>"; };
		2DF903A51DA6A9E500B31C8E /* Crayon.swift */ = {isa = PBXFileReference; fileEncoding = 4; lastKnownFileType = sourcecode.swift; path = Crayon.swift; sourceTree = "<group>"; };
		2DF903A71DA6B35300B31C8E /* CrayonViewController.swift */ = {isa = PBXFileReference; fileEncoding = 4; lastKnownFileType = sourcecode.swift; path = CrayonViewController.swift; sourceTree = "<group>"; };
/* End PBXFileReference section */

/* Begin PBXFrameworksBuildPhase section */
		2DF903861DA69DAD00B31C8E /* Frameworks */ = {
			isa = PBXFrameworksBuildPhase;
			buildActionMask = 2147483647;
			files = (
			);
			runOnlyForDeploymentPostprocessing = 0;
		};
/* End PBXFrameworksBuildPhase section */

/* Begin PBXGroup section */
		2DF903801DA69DAD00B31C8E = {
			isa = PBXGroup;
			children = (
				2DF9038B1DA69DAD00B31C8E /* FinalUnit2Ruki */,
				2DF9038A1DA69DAD00B31C8E /* Products */,
			);
			sourceTree = "<group>";
		};
		2DF9038A1DA69DAD00B31C8E /* Products */ = {
			isa = PBXGroup;
			children = (
				2DF903891DA69DAD00B31C8E /* FinalUnit2Ruki.app */,
			);
			name = Products;
			sourceTree = "<group>";
		};
		2DF9038B1DA69DAD00B31C8E /* FinalUnit2Ruki */ = {
			isa = PBXGroup;
			children = (
				2DF9038C1DA69DAD00B31C8E /* AppDelegate.swift */,
				2DF9038E1DA69DAD00B31C8E /* ViewController.swift */,
				2DF903A21DA6A95C00B31C8E /* CrayonData.swift */,
				2DF903A51DA6A9E500B31C8E /* Crayon.swift */,
				2DF903901DA69DAD00B31C8E /* Main.storyboard */,
				2DF903A41DA6A97800B31C8E /* Models */,
				2DF903931DA69DAD00B31C8E /* Assets.xcassets */,
				2DF903951DA69DAD00B31C8E /* LaunchScreen.storyboard */,
				2DF903981DA69DAD00B31C8E /* Info.plist */,
			);
			path = FinalUnit2Ruki;
			sourceTree = "<group>";
		};
		2DF903A41DA6A97800B31C8E /* Models */ = {
			isa = PBXGroup;
			children = (
				2DF9039E1DA6A3AB00B31C8E /* ColorTableViewController.swift */,
				2DF903A71DA6B35300B31C8E /* CrayonViewController.swift */,
				2DF903A01DA6A90000B31C8E /* OtherViewController.swift */,
			);
			name = Models;
			sourceTree = "<group>";
		};
/* End PBXGroup section */

/* Begin PBXNativeTarget section */
		2DF903881DA69DAD00B31C8E /* FinalUnit2Ruki */ = {
			isa = PBXNativeTarget;
			buildConfigurationList = 2DF9039B1DA69DAD00B31C8E /* Build configuration list for PBXNativeTarget "FinalUnit2Ruki" */;
			buildPhases = (
				2DF903851DA69DAD00B31C8E /* Sources */,
				2DF903861DA69DAD00B31C8E /* Frameworks */,
				2DF903871DA69DAD00B31C8E /* Resources */,
			);
			buildRules = (
			);
			dependencies = (
			);
			name = FinalUnit2Ruki;
			productName = FinalUnit2Ruki;
			productReference = 2DF903891DA69DAD00B31C8E /* FinalUnit2Ruki.app */;
			productType = "com.apple.product-type.application";
		};
/* End PBXNativeTarget section */

/* Begin PBXProject section */
		2DF903811DA69DAD00B31C8E /* Project object */ = {
			isa = PBXProject;
			attributes = {
				LastSwiftUpdateCheck = 0800;
				LastUpgradeCheck = 0800;
				ORGANIZATIONNAME = "Rukiye Karadeniz";
				TargetAttributes = {
					2DF903881DA69DAD00B31C8E = {
						CreatedOnToolsVersion = 8.0;
						ProvisioningStyle = Automatic;
					};
				};
			};
			buildConfigurationList = 2DF903841DA69DAD00B31C8E /* Build configuration list for PBXProject "FinalUnit2Ruki" */;
			compatibilityVersion = "Xcode 3.2";
			developmentRegion = English;
			hasScannedForEncodings = 0;
			knownRegions = (
				en,
				Base,
			);
			mainGroup = 2DF903801DA69DAD00B31C8E;
			productRefGroup = 2DF9038A1DA69DAD00B31C8E /* Products */;
			projectDirPath = "";
			projectRoot = "";
			targets = (
				2DF903881DA69DAD00B31C8E /* FinalUnit2Ruki */,
			);
		};
/* End PBXProject section */

/* Begin PBXResourcesBuildPhase section */
		2DF903871DA69DAD00B31C8E /* Resources */ = {
			isa = PBXResourcesBuildPhase;
			buildActionMask = 2147483647;
			files = (
				2DF903971DA69DAD00B31C8E /* LaunchScreen.storyboard in Resources */,
				2DF903941DA69DAD00B31C8E /* Assets.xcassets in Resources */,
				2DF903921DA69DAD00B31C8E /* Main.storyboard in Resources */,
			);
			runOnlyForDeploymentPostprocessing = 0;
		};
/* End PBXResourcesBuildPhase section */

/* Begin PBXSourcesBuildPhase section */
		2DF903851DA69DAD00B31C8E /* Sources */ = {
			isa = PBXSourcesBuildPhase;
			buildActionMask = 2147483647;
			files = (
				2DF903A81DA6B35300B31C8E /* CrayonViewController.swift in Sources */,
				2DF9038F1DA69DAD00B31C8E /* ViewController.swift in Sources */,
				2DF903A11DA6A90000B31C8E /* OtherViewController.swift in Sources */,
				2DF9039F1DA6A3AB00B31C8E /* ColorTableViewController.swift in Sources */,
				2DF903A61DA6A9E500B31C8E /* Crayon.swift in Sources */,
				2DF903A31DA6A95C00B31C8E /* CrayonData.swift in Sources */,
				2DF9038D1DA69DAD00B31C8E /* AppDelegate.swift in Sources */,
			);
			runOnlyForDeploymentPostprocessing = 0;
		};
/* End PBXSourcesBuildPhase section */

/* Begin PBXVariantGroup section */
		2DF903901DA69DAD00B31C8E /* Main.storyboard */ = {
			isa = PBXVariantGroup;
			children = (
				2DF903911DA69DAD00B31C8E /* Base */,
			);
			name = Main.storyboard;
			sourceTree = "<group>";
		};
		2DF903951DA69DAD00B31C8E /* LaunchScreen.storyboard */ = {
			isa = PBXVariantGroup;
			children = (
				2DF903961DA69DAD00B31C8E /* Base */,
			);
			name = LaunchScreen.storyboard;
			sourceTree = "<group>";
		};
/* End PBXVariantGroup section */

/* Begin XCBuildConfiguration section */
		2DF903991DA69DAD00B31C8E /* Debug */ = {
			isa = XCBuildConfiguration;
			buildSettings = {
				ALWAYS_SEARCH_USER_PATHS = NO;
				CLANG_ANALYZER_NONNULL = YES;
				CLANG_CXX_LANGUAGE_STANDARD = "gnu++0x";
				CLANG_CXX_LIBRARY = "libc++";
				CLANG_ENABLE_MODULES = YES;
				CLANG_ENABLE_OBJC_ARC = YES;
				CLANG_WARN_BOOL_CONVERSION = YES;
				CLANG_WARN_CONSTANT_CONVERSION = YES;
				CLANG_WARN_DIRECT_OBJC_ISA_USAGE = YES_ERROR;
				CLANG_WARN_DOCUMENTATION_COMMENTS = YES;
				CLANG_WARN_EMPTY_BODY = YES;
				CLANG_WARN_ENUM_CONVERSION = YES;
				CLANG_WARN_INFINITE_RECURSION = YES;
				CLANG_WARN_INT_CONVERSION = YES;
				CLANG_WARN_OBJC_ROOT_CLASS = YES_ERROR;
				CLANG_WARN_SUSPICIOUS_MOVES = YES;
				CLANG_WARN_UNREACHABLE_CODE = YES;
				CLANG_WARN__DUPLICATE_METHOD_MATCH = YES;
				"CODE_SIGN_IDENTITY[sdk=iphoneos*]" = "iPhone Developer";
				COPY_PHASE_STRIP = NO;
				DEBUG_INFORMATION_FORMAT = dwarf;
				ENABLE_STRICT_OBJC_MSGSEND = YES;
				ENABLE_TESTABILITY = YES;
				GCC_C_LANGUAGE_STANDARD = gnu99;
				GCC_DYNAMIC_NO_PIC = NO;
				GCC_NO_COMMON_BLOCKS = YES;
				GCC_OPTIMIZATION_LEVEL = 0;
				GCC_PREPROCESSOR_DEFINITIONS = (
					"DEBUG=1",
					"$(inherited)",
				);
				GCC_WARN_64_TO_32_BIT_CONVERSION = YES;
				GCC_WARN_ABOUT_RETURN_TYPE = YES_ERROR;
				GCC_WARN_UNDECLARED_SELECTOR = YES;
				GCC_WARN_UNINITIALIZED_AUTOS = YES_AGGRESSIVE;
				GCC_WARN_UNUSED_FUNCTION = YES;
				GCC_WARN_UNUSED_VARIABLE = YES;
				IPHONEOS_DEPLOYMENT_TARGET = 10.0;
				MTL_ENABLE_DEBUG_INFO = YES;
				ONLY_ACTIVE_ARCH = YES;
				SDKROOT = iphoneos;
				SWIFT_ACTIVE_COMPILATION_CONDITIONS = DEBUG;
				SWIFT_OPTIMIZATION_LEVEL = "-Onone";
				TARGETED_DEVICE_FAMILY = "1,2";
			};
			name = Debug;
		};
		2DF9039A1DA69DAD00B31C8E /* Release */ = {
			isa = XCBuildConfiguration;
			buildSettings = {
				ALWAYS_SEARCH_USER_PATHS = NO;
				CLANG_ANALYZER_NONNULL = YES;
				CLANG_CXX_LANGUAGE_STANDARD = "gnu++0x";
				CLANG_CXX_LIBRARY = "libc++";
				CLANG_ENABLE_MODULES = YES;
				CLANG_ENABLE_OBJC_ARC = YES;
				CLANG_WARN_BOOL_CONVERSION = YES;
				CLANG_WARN_CONSTANT_CONVERSION = YES;
				CLANG_WARN_DIRECT_OBJC_ISA_USAGE = YES_ERROR;
				CLANG_WARN_DOCUMENTATION_COMMENTS = YES;
				CLANG_WARN_EMPTY_BODY = YES;
				CLANG_WARN_ENUM_CONVERSION = YES;
				CLANG_WARN_INFINITE_RECURSION = YES;
				CLANG_WARN_INT_CONVERSION = YES;
				CLANG_WARN_OBJC_ROOT_CLASS = YES_ERROR;
				CLANG_WARN_SUSPICIOUS_MOVES = YES;
				CLANG_WARN_UNREACHABLE_CODE = YES;
				CLANG_WARN__DUPLICATE_METHOD_MATCH = YES;
				"CODE_SIGN_IDENTITY[sdk=iphoneos*]" = "iPhone Developer";
				COPY_PHASE_STRIP = NO;
				DEBUG_INFORMATION_FORMAT = "dwarf-with-dsym";
				ENABLE_NS_ASSERTIONS = NO;
				ENABLE_STRICT_OBJC_MSGSEND = YES;
				GCC_C_LANGUAGE_STANDARD = gnu99;
				GCC_NO_COMMON_BLOCKS = YES;
				GCC_WARN_64_TO_32_BIT_CONVERSION = YES;
				GCC_WARN_ABOUT_RETURN_TYPE = YES_ERROR;
				GCC_WARN_UNDECLARED_SELECTOR = YES;
				GCC_WARN_UNINITIALIZED_AUTOS = YES_AGGRESSIVE;
				GCC_WARN_UNUSED_FUNCTION = YES;
				GCC_WARN_UNUSED_VARIABLE = YES;
				IPHONEOS_DEPLOYMENT_TARGET = 10.0;
				MTL_ENABLE_DEBUG_INFO = NO;
				SDKROOT = iphoneos;
				SWIFT_OPTIMIZATION_LEVEL = "-Owholemodule";
				TARGETED_DEVICE_FAMILY = "1,2";
				VALIDATE_PRODUCT = YES;
			};
			name = Release;
		};
		2DF9039C1DA69DAD00B31C8E /* Debug */ = {
			isa = XCBuildConfiguration;
			buildSettings = {
				ASSETCATALOG_COMPILER_APPICON_NAME = AppIcon;
				INFOPLIST_FILE = FinalUnit2Ruki/Info.plist;
				LD_RUNPATH_SEARCH_PATHS = "$(inherited) @executable_path/Frameworks";
				PRODUCT_BUNDLE_IDENTIFIER = nyc.c4q.RukiyeKaradeniz.FinalUnit2Ruki;
				PRODUCT_NAME = "$(TARGET_NAME)";
				SWIFT_VERSION = 3.0;
			};
			name = Debug;
		};
		2DF9039D1DA69DAD00B31C8E /* Release */ = {
			isa = XCBuildConfiguration;
			buildSettings = {
				ASSETCATALOG_COMPILER_APPICON_NAME = AppIcon;
				INFOPLIST_FILE = FinalUnit2Ruki/Info.plist;
				LD_RUNPATH_SEARCH_PATHS = "$(inherited) @executable_path/Frameworks";
				PRODUCT_BUNDLE_IDENTIFIER = nyc.c4q.RukiyeKaradeniz.FinalUnit2Ruki;
				PRODUCT_NAME = "$(TARGET_NAME)";
				SWIFT_VERSION = 3.0;
			};
			name = Release;
		};
/* End XCBuildConfiguration section */

/* Begin XCConfigurationList section */
		2DF903841DA69DAD00B31C8E /* Build configuration list for PBXProject "FinalUnit2Ruki" */ = {
			isa = XCConfigurationList;
			buildConfigurations = (
				2DF903991DA69DAD00B31C8E /* Debug */,
				2DF9039A1DA69DAD00B31C8E /* Release */,
			);
			defaultConfigurationIsVisible = 0;
			defaultConfigurationName = Release;
		};
		2DF9039B1DA69DAD00B31C8E /* Build configuration list for PBXNativeTarget "FinalUnit2Ruki" */ = {
			isa = XCConfigurationList;
			buildConfigurations = (
				2DF9039C1DA69DAD00B31C8E /* Debug */,
				2DF9039D1DA69DAD00B31C8E /* Release */,
			);
			defaultConfigurationIsVisible = 0;
		};
/* End XCConfigurationList section */
	};
	rootObject = 2DF903811DA69DAD00B31C8E /* Project object */;
}
